
Microsoft Visual Studio Solution File, Format Version 12.00
# Visual Studio Version 16
VisualStudioVersion = 16.0.30709.132
MinimumVisualStudioVersion = 10.0.40219.1
Project("{9A19103F-16F7-4668-BE54-9A1E7A4F7556}") = "ClassMetotDemo", "ClassMetotDemo\ClassMetotDemo.csproj", "{34C43F94-744C-4276-ABC8-AEAE9A32EB4F}"
EndProject
Project("{9A19103F-16F7-4668-BE54-9A1E7A4F7556}") = "DictionaryClassDemo", "DictionaryClassDemo\DictionaryClassDemo.csproj", "{51003996-D155-4C8A-8ECF-EBBE34986C8C}"
EndProject
Project("{FAE04EC0-301F-11D3-BF4B-00C04F79EFBC}") = "GameSalesProject", "GameSalesProject\GameSalesProject.csproj", "{6A407C2D-65F1-4275-9639-5712F01D42A3}"
EndProject
Global
	GlobalSection(SolutionConfigurationPlatforms) = preSolution
		Debug|Any CPU = Debug|Any CPU
		Release|Any CPU = Release|Any CPU
	EndGlobalSection
	GlobalSection(ProjectConfigurationPlatforms) = postSolution
		{34C43F94-744C-4276-ABC8-AEAE9A32EB4F}.Debug|Any CPU.ActiveCfg = Debug|Any CPU
		{34C43F94-744C-4276-ABC8-AEAE9A32EB4F}.Debug|Any CPU.Build.0 = Debug|Any CPU
		{34C43F94-744C-4276-ABC8-AEAE9A32EB4F}.Release|Any CPU.ActiveCfg = Release|Any CPU
		{34C43F94-744C-4276-ABC8-AEAE9A32EB4F}.Release|Any CPU.Build.0 = Release|Any CPU
		{51003996-D155-4C8A-8ECF-EBBE34986C8C}.Debug|Any CPU.ActiveCfg = Debug|Any CPU
		{51003996-D155-4C8A-8ECF-EBBE34986C8C}.Debug|Any CPU.Build.0 = Debug|Any CPU
		{51003996-D155-4C8A-8ECF-EBBE34986C8C}.Release|Any CPU.ActiveCfg = Release|Any CPU
		{51003996-D155-4C8A-8ECF-EBBE34986C8C}.Release|Any CPU.Build.0 = Release|Any CPU
		{6A407C2D-65F1-4275-9639-5712F01D42A3}.Debug|Any CPU.ActiveCfg = Debug|Any CPU
		{6A407C2D-65F1-4275-9639-5712F01D42A3}.Debug|Any CPU.Build.0 = Debug|Any CPU
		{6A407C2D-65F1-4275-9639-5712F01D42A3}.Release|Any CPU.ActiveCfg = Release|Any CPU
		{6A407C2D-65F1-4275-9639-5712F01D42A3}.Release|Any CPU.Build.0 = Release|Any CPU
	EndGlobalSection
	GlobalSection(SolutionProperties) = preSolution
		HideSolutionNode = FALSE
	EndGlobalSection
	GlobalSection(ExtensibilityGlobals) = postSolution
		SolutionGuid = {C380D637-5AA9-4E3A-8987-F10937C59D94}
	EndGlobalSection
EndGlobal
